// !$*UTF8*$!
{
	archiveVersion = 1;
	classes = {
	};
	objectVersion = 46;
	objects = {

/* Begin PBXBuildFile section */
		1D3623260D0F684500981E51 /* ONA_FMAppDelegate.m in Sources */ = {isa = PBXBuildFile; fileRef = 1D3623250D0F684500981E51 /* ONA_FMAppDelegate.m */; };
		1D60589B0D05DD56006BFB54 /* main.m in Sources */ = {isa = PBXBuildFile; fileRef = 29B97316FDCFA39411CA2CEA /* main.m */; };
		2899E5220DE3E06400AC0155 /* ONA_FMViewController.xib in Resources */ = {isa = PBXBuildFile; fileRef = 2899E5210DE3E06400AC0155 /* ONA_FMViewController.xib */; };
		28AD733F0D9D9553002E5188 /* MainWindow.xib in Resources */ = {isa = PBXBuildFile; fileRef = 28AD733E0D9D9553002E5188 /* MainWindow.xib */; };
		28D7ACF80DDB3853001CB0EB /* ONA_FMViewController.m in Sources */ = {isa = PBXBuildFile; fileRef = 28D7ACF70DDB3853001CB0EB /* ONA_FMViewController.m */; };
		BB031C0510CAF9E900432227 /* ona_ico.png in Resources */ = {isa = PBXBuildFile; fileRef = BB031C0410CAF9E900432227 /* ona_ico.png */; };
		BB1D7290111B5B45009B64C3 /* AudioToolbox.framework in Frameworks */ = {isa = PBXBuildFile; fileRef = BB1D728F111B5B45009B64C3 /* AudioToolbox.framework */; };
		BB1D7292111B5B45009B64C3 /* CFNetwork.framework in Frameworks */ = {isa = PBXBuildFile; fileRef = BB1D7291111B5B45009B64C3 /* CFNetwork.framework */; };
		BB1D7294111B5B45009B64C3 /* CoreGraphics.framework in Frameworks */ = {isa = PBXBuildFile; fileRef = BB1D7293111B5B45009B64C3 /* CoreGraphics.framework */; };
		BB1D7296111B5B45009B64C3 /* Foundation.framework in Frameworks */ = {isa = PBXBuildFile; fileRef = BB1D7295111B5B45009B64C3 /* Foundation.framework */; };
		BB1D7298111B5B45009B64C3 /* MediaPlayer.framework in Frameworks */ = {isa = PBXBuildFile; fileRef = BB1D7297111B5B45009B64C3 /* MediaPlayer.framework */; };
		BB1D729A111B5B45009B64C3 /* QuartzCore.framework in Frameworks */ = {isa = PBXBuildFile; fileRef = BB1D7299111B5B45009B64C3 /* QuartzCore.framework */; };
		BB1D729C111B5B45009B64C3 /* UIKit.framework in Frameworks */ = {isa = PBXBuildFile; fileRef = BB1D729B111B5B45009B64C3 /* UIKit.framework */; };
		BB46FB5E133F587A00DD98F2 /* CNSAdBannerView.m in Sources */ = {isa = PBXBuildFile; fileRef = BB46FB42133F587A00DD98F2 /* CNSAdBannerView.m */; };
		BB46FB5F133F587A00DD98F2 /* CNSAdConstants.m in Sources */ = {isa = PBXBuildFile; fileRef = BB46FB44133F587A00DD98F2 /* CNSAdConstants.m */; };
		BB46FB60133F587A00DD98F2 /* CNSAdEngine.m in Sources */ = {isa = PBXBuildFile; fileRef = BB46FB46133F587A00DD98F2 /* CNSAdEngine.m */; };
		BB46FB61133F587A00DD98F2 /* CNSAdEngineConnectionHelper.m in Sources */ = {isa = PBXBuildFile; fileRef = BB46FB48133F587A00DD98F2 /* CNSAdEngineConnectionHelper.m */; };
		BB46FB62133F587A00DD98F2 /* CNSAdEngineParser.m in Sources */ = {isa = PBXBuildFile; fileRef = BB46FB4A133F587A00DD98F2 /* CNSAdEngineParser.m */; };
		BB46FB63133F587A00DD98F2 /* CNSAnimatedGIFLoader.m in Sources */ = {isa = PBXBuildFile; fileRef = BB46FB4D133F587A00DD98F2 /* CNSAnimatedGIFLoader.m */; };
		BB46FB64133F587A00DD98F2 /* CNSInterstitialViewController.m in Sources */ = {isa = PBXBuildFile; fileRef = BB46FB4F133F587A00DD98F2 /* CNSInterstitialViewController.m */; };
		BB46FB65133F587A00DD98F2 /* CNSSplashViewController.m in Sources */ = {isa = PBXBuildFile; fileRef = BB46FB51133F587A00DD98F2 /* CNSSplashViewController.m */; };
		BB46FB66133F587A00DD98F2 /* CNSStringAdditions.m in Sources */ = {isa = PBXBuildFile; fileRef = BB46FB53133F587A00DD98F2 /* CNSStringAdditions.m */; };
		BB46FB67133F587A00DD98F2 /* CNSWebViewController.m in Sources */ = {isa = PBXBuildFile; fileRef = BB46FB55133F587A00DD98F2 /* CNSWebViewController.m */; };
		BB46FB68133F587A00DD98F2 /* CNSBackgroundAlert.png in Resources */ = {isa = PBXBuildFile; fileRef = BB46FB57133F587A00DD98F2 /* CNSBackgroundAlert.png */; };
		BB46FB69133F587A00DD98F2 /* CNSButtonAlert.png in Resources */ = {isa = PBXBuildFile; fileRef = BB46FB58133F587A00DD98F2 /* CNSButtonAlert.png */; };
		BB46FB6A133F587A00DD98F2 /* CNSButtonClose.png in Resources */ = {isa = PBXBuildFile; fileRef = BB46FB59133F587A00DD98F2 /* CNSButtonClose.png */; };
		BB46FB6B133F587A00DD98F2 /* CNSButtonSettings.png in Resources */ = {isa = PBXBuildFile; fileRef = BB46FB5A133F587A00DD98F2 /* CNSButtonSettings.png */; };
		BB46FB6C133F587A00DD98F2 /* CNSButtonSettings@2x.png in Resources */ = {isa = PBXBuildFile; fileRef = BB46FB5B133F587A00DD98F2 /* CNSButtonSettings@2x.png */; };
		BB46FB6D133F587A00DD98F2 /* CNSInterstitialView.xib in Resources */ = {isa = PBXBuildFile; fileRef = BB46FB5C133F587A00DD98F2 /* CNSInterstitialView.xib */; };
		BB46FB6E133F587A00DD98F2 /* CNSSplashView.xib in Resources */ = {isa = PBXBuildFile; fileRef = BB46FB5D133F587A00DD98F2 /* CNSSplashView.xib */; };
		BB527B9510B7EE04003EEBBC /* Entitlements.plist in Resources */ = {isa = PBXBuildFile; fileRef = BB527B9410B7EE04003EEBBC /* Entitlements.plist */; };
		BBDF5D7F113EBA8F00D0EB0E /* SystemConfiguration.framework in Frameworks */ = {isa = PBXBuildFile; fileRef = BBDF5D7E113EBA8F00D0EB0E /* SystemConfiguration.framework */; };
		BBE0176B10A6139300D303CF /* pausebutton.png in Resources */ = {isa = PBXBuildFile; fileRef = BBE0176910A6139300D303CF /* pausebutton.png */; };
		BBE0176C10A6139300D303CF /* playbutton.png in Resources */ = {isa = PBXBuildFile; fileRef = BBE0176A10A6139300D303CF /* playbutton.png */; };
		BBEB232E10A21AAC00145E67 /* AudioStreamer.m in Sources */ = {isa = PBXBuildFile; fileRef = BBEB232D10A21AAC00145E67 /* AudioStreamer.m */; };
		BBEB8D9D10A7641F00F50A2F /* Default.png in Resources */ = {isa = PBXBuildFile; fileRef = BBEB8D9B10A7641F00F50A2F /* Default.png */; };
		BBEB8D9E10A7641F00F50A2F /* Entitlements.plist in Resources */ = {isa = PBXBuildFile; fileRef = BBEB8D9C10A7641F00F50A2F /* Entitlements.plist */; };
/* End PBXBuildFile section */

/* Begin PBXFileReference section */
		1D3623240D0F684500981E51 /* ONA_FMAppDelegate.h */ = {isa = PBXFileReference; fileEncoding = 4; lastKnownFileType = sourcecode.c.h; path = ONA_FMAppDelegate.h; sourceTree = "<group>"; };
		1D3623250D0F684500981E51 /* ONA_FMAppDelegate.m */ = {isa = PBXFileReference; fileEncoding = 4; lastKnownFileType = sourcecode.c.objc; path = ONA_FMAppDelegate.m; sourceTree = "<group>"; };
		1D6058910D05DD3D006BFB54 /* ONA FM.app */ = {isa = PBXFileReference; explicitFileType = wrapper.application; includeInIndex = 0; path = "ONA FM.app"; sourceTree = BUILT_PRODUCTS_DIR; };
		2899E5210DE3E06400AC0155 /* ONA_FMViewController.xib */ = {isa = PBXFileReference; lastKnownFileType = file.xib; path = ONA_FMViewController.xib; sourceTree = "<group>"; };
		28AD733E0D9D9553002E5188 /* MainWindow.xib */ = {isa = PBXFileReference; lastKnownFileType = file.xib; path = MainWindow.xib; sourceTree = "<group>"; };
		28D7ACF60DDB3853001CB0EB /* ONA_FMViewController.h */ = {isa = PBXFileReference; fileEncoding = 4; lastKnownFileType = sourcecode.c.h; path = ONA_FMViewController.h; sourceTree = "<group>"; };
		28D7ACF70DDB3853001CB0EB /* ONA_FMViewController.m */ = {isa = PBXFileReference; fileEncoding = 4; lastKnownFileType = sourcecode.c.objc; path = ONA_FMViewController.m; sourceTree = "<group>"; };
		29B97316FDCFA39411CA2CEA /* main.m */ = {isa = PBXFileReference; fileEncoding = 4; lastKnownFileType = sourcecode.c.objc; path = main.m; sourceTree = "<group>"; };
		32CA4F630368D1EE00C91783 /* ONA_FM_Prefix.pch */ = {isa = PBXFileReference; fileEncoding = 4; lastKnownFileType = sourcecode.c.h; path = ONA_FM_Prefix.pch; sourceTree = "<group>"; };
		8D1107310486CEB800E47090 /* ONA_FM-Info.plist */ = {isa = PBXFileReference; fileEncoding = 4; lastKnownFileType = text.plist.xml; path = "ONA_FM-Info.plist"; plistStructureDefinitionIdentifier = "com.apple.xcode.plist.structure-definition.iphone.info-plist"; sourceTree = "<group>"; };
		BB031C0410CAF9E900432227 /* ona_ico.png */ = {isa = PBXFileReference; lastKnownFileType = image.png; path = ona_ico.png; sourceTree = "<group>"; };
		BB1D728F111B5B45009B64C3 /* AudioToolbox.framework */ = {isa = PBXFileReference; lastKnownFileType = wrapper.framework; name = AudioToolbox.framework; path = System/Library/Frameworks/AudioToolbox.framework; sourceTree = SDKROOT; };
		BB1D7291111B5B45009B64C3 /* CFNetwork.framework */ = {isa = PBXFileReference; lastKnownFileType = wrapper.framework; name = CFNetwork.framework; path = System/Library/Frameworks/CFNetwork.framework; sourceTree = SDKROOT; };
		BB1D7293111B5B45009B64C3 /* CoreGraphics.framework */ = {isa = PBXFileReference; lastKnownFileType = wrapper.framework; name = CoreGraphics.framework; path = System/Library/Frameworks/CoreGraphics.framework; sourceTree = SDKROOT; };
		BB1D7295111B5B45009B64C3 /* Foundation.framework */ = {isa = PBXFileReference; lastKnownFileType = wrapper.framework; name = Foundation.framework; path = System/Library/Frameworks/Foundation.framework; sourceTree = SDKROOT; };
		BB1D7297111B5B45009B64C3 /* MediaPlayer.framework */ = {isa = PBXFileReference; lastKnownFileType = wrapper.framework; name = MediaPlayer.framework; path = System/Library/Frameworks/MediaPlayer.framework; sourceTree = SDKROOT; };
		BB1D7299111B5B45009B64C3 /* QuartzCore.framework */ = {isa = PBXFileReference; lastKnownFileType = wrapper.framework; name = QuartzCore.framework; path = System/Library/Frameworks/QuartzCore.framework; sourceTree = SDKROOT; };
		BB1D729B111B5B45009B64C3 /* UIKit.framework */ = {isa = PBXFileReference; lastKnownFileType = wrapper.framework; name = UIKit.framework; path = System/Library/Frameworks/UIKit.framework; sourceTree = SDKROOT; };
		BB46FB41133F587A00DD98F2 /* CNSAdBannerView.h */ = {isa = PBXFileReference; fileEncoding = 4; lastKnownFileType = sourcecode.c.h; path = CNSAdBannerView.h; sourceTree = "<group>"; };
		BB46FB42133F587A00DD98F2 /* CNSAdBannerView.m */ = {isa = PBXFileReference; fileEncoding = 4; lastKnownFileType = sourcecode.c.objc; path = CNSAdBannerView.m; sourceTree = "<group>"; };
		BB46FB43133F587A00DD98F2 /* CNSAdConstants.h */ = {isa = PBXFileReference; fileEncoding = 4; lastKnownFileType = sourcecode.c.h; path = CNSAdConstants.h; sourceTree = "<group>"; };
		BB46FB44133F587A00DD98F2 /* CNSAdConstants.m */ = {isa = PBXFileReference; fileEncoding = 4; lastKnownFileType = sourcecode.c.objc; path = CNSAdConstants.m; sourceTree = "<group>"; };
		BB46FB45133F587A00DD98F2 /* CNSAdEngine.h */ = {isa = PBXFileReference; fileEncoding = 4; lastKnownFileType = sourcecode.c.h; path = CNSAdEngine.h; sourceTree = "<group>"; };
		BB46FB46133F587A00DD98F2 /* CNSAdEngine.m */ = {isa = PBXFileReference; fileEncoding = 4; lastKnownFileType = sourcecode.c.objc; path = CNSAdEngine.m; sourceTree = "<group>"; };
		BB46FB47133F587A00DD98F2 /* CNSAdEngineConnectionHelper.h */ = {isa = PBXFileReference; fileEncoding = 4; lastKnownFileType = sourcecode.c.h; path = CNSAdEngineConnectionHelper.h; sourceTree = "<group>"; };
		BB46FB48133F587A00DD98F2 /* CNSAdEngineConnectionHelper.m */ = {isa = PBXFileReference; fileEncoding = 4; lastKnownFileType = sourcecode.c.objc; path = CNSAdEngineConnectionHelper.m; sourceTree = "<group>"; };
		BB46FB49133F587A00DD98F2 /* CNSAdEngineParser.h */ = {isa = PBXFileReference; fileEncoding = 4; lastKnownFileType = sourcecode.c.h; path = CNSAdEngineParser.h; sourceTree = "<group>"; };
		BB46FB4A133F587A00DD98F2 /* CNSAdEngineParser.m */ = {isa = PBXFileReference; fileEncoding = 4; lastKnownFileType = sourcecode.c.objc; path = CNSAdEngineParser.m; sourceTree = "<group>"; };
		BB46FB4B133F587A00DD98F2 /* CNSAdKit.h */ = {isa = PBXFileReference; fileEncoding = 4; lastKnownFileType = sourcecode.c.h; path = CNSAdKit.h; sourceTree = "<group>"; };
		BB46FB4C133F587A00DD98F2 /* CNSAnimatedGIFLoader.h */ = {isa = PBXFileReference; fileEncoding = 4; lastKnownFileType = sourcecode.c.h; path = CNSAnimatedGIFLoader.h; sourceTree = "<group>"; };
		BB46FB4D133F587A00DD98F2 /* CNSAnimatedGIFLoader.m */ = {isa = PBXFileReference; fileEncoding = 4; lastKnownFileType = sourcecode.c.objc; path = CNSAnimatedGIFLoader.m; sourceTree = "<group>"; };
		BB46FB4E133F587A00DD98F2 /* CNSInterstitialViewController.h */ = {isa = PBXFileReference; fileEncoding = 4; lastKnownFileType = sourcecode.c.h; path = CNSInterstitialViewController.h; sourceTree = "<group>"; };
		BB46FB4F133F587A00DD98F2 /* CNSInterstitialViewController.m */ = {isa = PBXFileReference; fileEncoding = 4; lastKnownFileType = sourcecode.c.objc; path = CNSInterstitialViewController.m; sourceTree = "<group>"; };
		BB46FB50133F587A00DD98F2 /* CNSSplashViewController.h */ = {isa = PBXFileReference; fileEncoding = 4; lastKnownFileType = sourcecode.c.h; path = CNSSplashViewController.h; sourceTree = "<group>"; };
		BB46FB51133F587A00DD98F2 /* CNSSplashViewController.m */ = {isa = PBXFileReference; fileEncoding = 4; lastKnownFileType = sourcecode.c.objc; path = CNSSplashViewController.m; sourceTree = "<group>"; };
		BB46FB52133F587A00DD98F2 /* CNSStringAdditions.h */ = {isa = PBXFileReference; fileEncoding = 4; lastKnownFileType = sourcecode.c.h; path = CNSStringAdditions.h; sourceTree = "<group>"; };
		BB46FB53133F587A00DD98F2 /* CNSStringAdditions.m */ = {isa = PBXFileReference; fileEncoding = 4; lastKnownFileType = sourcecode.c.objc; path = CNSStringAdditions.m; sourceTree = "<group>"; };
		BB46FB54133F587A00DD98F2 /* CNSWebViewController.h */ = {isa = PBXFileReference; fileEncoding = 4; lastKnownFileType = sourcecode.c.h; path = CNSWebViewController.h; sourceTree = "<group>"; };
		BB46FB55133F587A00DD98F2 /* CNSWebViewController.m */ = {isa = PBXFileReference; fileEncoding = 4; lastKnownFileType = sourcecode.c.objc; path = CNSWebViewController.m; sourceTree = "<group>"; };
		BB46FB57133F587A00DD98F2 /* CNSBackgroundAlert.png */ = {isa = PBXFileReference; lastKnownFileType = image.png; path = CNSBackgroundAlert.png; sourceTree = "<group>"; };
		BB46FB58133F587A00DD98F2 /* CNSButtonAlert.png */ = {isa = PBXFileReference; lastKnownFileType = image.png; path = CNSButtonAlert.png; sourceTree = "<group>"; };
		BB46FB59133F587A00DD98F2 /* CNSButtonClose.png */ = {isa = PBXFileReference; lastKnownFileType = image.png; path = CNSButtonClose.png; sourceTree = "<group>"; };
		BB46FB5A133F587A00DD98F2 /* CNSButtonSettings.png */ = {isa = PBXFileReference; lastKnownFileType = image.png; path = CNSButtonSettings.png; sourceTree = "<group>"; };
		BB46FB5B133F587A00DD98F2 /* CNSButtonSettings@2x.png */ = {isa = PBXFileReference; lastKnownFileType = image.png; path = "CNSButtonSettings@2x.png"; sourceTree = "<group>"; };
		BB46FB5C133F587A00DD98F2 /* CNSInterstitialView.xib */ = {isa = PBXFileReference; fileEncoding = 4; lastKnownFileType = file.xib; path = CNSInterstitialView.xib; sourceTree = "<group>"; };
		BB46FB5D133F587A00DD98F2 /* CNSSplashView.xib */ = {isa = PBXFileReference; fileEncoding = 4; lastKnownFileType = file.xib; path = CNSSplashView.xib; sourceTree = "<group>"; };
		BB527B9410B7EE04003EEBBC /* Entitlements.plist */ = {isa = PBXFileReference; fileEncoding = 4; lastKnownFileType = text.plist.xml; path = Entitlements.plist; sourceTree = "<group>"; };
		BBDF5D7E113EBA8F00D0EB0E /* SystemConfiguration.framework */ = {isa = PBXFileReference; lastKnownFileType = wrapper.framework; name = SystemConfiguration.framework; path = System/Library/Frameworks/SystemConfiguration.framework; sourceTree = SDKROOT; };
		BBE0176910A6139300D303CF /* pausebutton.png */ = {isa = PBXFileReference; lastKnownFileType = image.png; path = pausebutton.png; sourceTree = "<group>"; };
		BBE0176A10A6139300D303CF /* playbutton.png */ = {isa = PBXFileReference; lastKnownFileType = image.png; path = playbutton.png; sourceTree = "<group>"; };
		BBEB232C10A21AAC00145E67 /* AudioStreamer.h */ = {isa = PBXFileReference; fileEncoding = 4; lastKnownFileType = sourcecode.c.h; path = AudioStreamer.h; sourceTree = "<group>"; };
		BBEB232D10A21AAC00145E67 /* AudioStreamer.m */ = {isa = PBXFileReference; fileEncoding = 4; lastKnownFileType = sourcecode.c.objc; path = AudioStreamer.m; sourceTree = "<group>"; };
		BBEB8D9B10A7641F00F50A2F /* Default.png */ = {isa = PBXFileReference; lastKnownFileType = image.png; path = Default.png; sourceTree = "<group>"; };
		BBEB8D9C10A7641F00F50A2F /* Entitlements.plist */ = {isa = PBXFileReference; fileEncoding = 4; lastKnownFileType = text.plist.xml; path = Entitlements.plist; sourceTree = "<group>"; };
/* End PBXFileReference section */

/* Begin PBXFrameworksBuildPhase section */
		1D60588F0D05DD3D006BFB54 /* Frameworks */ = {
			isa = PBXFrameworksBuildPhase;
			buildActionMask = 2147483647;
			files = (
				BB1D7290111B5B45009B64C3 /* AudioToolbox.framework in Frameworks */,
				BB1D7292111B5B45009B64C3 /* CFNetwork.framework in Frameworks */,
				BB1D7294111B5B45009B64C3 /* CoreGraphics.framework in Frameworks */,
				BB1D7296111B5B45009B64C3 /* Foundation.framework in Frameworks */,
				BB1D7298111B5B45009B64C3 /* MediaPlayer.framework in Frameworks */,
				BB1D729A111B5B45009B64C3 /* QuartzCore.framework in Frameworks */,
				BB1D729C111B5B45009B64C3 /* UIKit.framework in Frameworks */,
				BBDF5D7F113EBA8F00D0EB0E /* SystemConfiguration.framework in Frameworks */,
			);
			runOnlyForDeploymentPostprocessing = 0;
		};
/* End PBXFrameworksBuildPhase section */

/* Begin PBXGroup section */
		080E96DDFE201D6D7F000001 /* Classes */ = {
			isa = PBXGroup;
			children = (
				BBEB232C10A21AAC00145E67 /* AudioStreamer.h */,
				BBEB232D10A21AAC00145E67 /* AudioStreamer.m */,
				1D3623240D0F684500981E51 /* ONA_FMAppDelegate.h */,
				1D3623250D0F684500981E51 /* ONA_FMAppDelegate.m */,
				28D7ACF60DDB3853001CB0EB /* ONA_FMViewController.h */,
				28D7ACF70DDB3853001CB0EB /* ONA_FMViewController.m */,
			);
			path = Classes;
			sourceTree = "<group>";
		};
		19C28FACFE9D520D11CA2CBB /* Products */ = {
			isa = PBXGroup;
			children = (
				1D6058910D05DD3D006BFB54 /* ONA FM.app */,
			);
			name = Products;
			sourceTree = "<group>";
		};
		29B97314FDCFA39411CA2CEA /* CustomTemplate */ = {
			isa = PBXGroup;
			children = (
				BB46FB3F133F587A00DD98F2 /* AdSDK */,
				080E96DDFE201D6D7F000001 /* Classes */,
				29B97315FDCFA39411CA2CEA /* Other Sources */,
				29B97317FDCFA39411CA2CEA /* Resources */,
				29B97323FDCFA39411CA2CEA /* Frameworks */,
				19C28FACFE9D520D11CA2CBB /* Products */,
				BB527B9410B7EE04003EEBBC /* Entitlements.plist */,
			);
			name = CustomTemplate;
			sourceTree = "<group>";
		};
		29B97315FDCFA39411CA2CEA /* Other Sources */ = {
			isa = PBXGroup;
			children = (
				32CA4F630368D1EE00C91783 /* ONA_FM_Prefix.pch */,
				29B97316FDCFA39411CA2CEA /* main.m */,
			);
			name = "Other Sources";
			sourceTree = "<group>";
		};
		29B97317FDCFA39411CA2CEA /* Resources */ = {
			isa = PBXGroup;
			children = (
				BB031C0410CAF9E900432227 /* ona_ico.png */,
				BBEB8D9B10A7641F00F50A2F /* Default.png */,
				BBEB8D9C10A7641F00F50A2F /* Entitlements.plist */,
				BBE0176910A6139300D303CF /* pausebutton.png */,
				BBE0176A10A6139300D303CF /* playbutton.png */,
				2899E5210DE3E06400AC0155 /* ONA_FMViewController.xib */,
				28AD733E0D9D9553002E5188 /* MainWindow.xib */,
				8D1107310486CEB800E47090 /* ONA_FM-Info.plist */,
			);
			name = Resources;
			sourceTree = "<group>";
		};
		29B97323FDCFA39411CA2CEA /* Frameworks */ = {
			isa = PBXGroup;
			children = (
				BB1D728F111B5B45009B64C3 /* AudioToolbox.framework */,
				BB1D7291111B5B45009B64C3 /* CFNetwork.framework */,
				BB1D7293111B5B45009B64C3 /* CoreGraphics.framework */,
				BB1D7295111B5B45009B64C3 /* Foundation.framework */,
				BB1D7297111B5B45009B64C3 /* MediaPlayer.framework */,
				BB1D7299111B5B45009B64C3 /* QuartzCore.framework */,
				BB1D729B111B5B45009B64C3 /* UIKit.framework */,
				BBDF5D7E113EBA8F00D0EB0E /* SystemConfiguration.framework */,
			);
			name = Frameworks;
			sourceTree = "<group>";
		};
		BB46FB3F133F587A00DD98F2 /* AdSDK */ = {
			isa = PBXGroup;
			children = (
				BB46FB40133F587A00DD98F2 /* Classes */,
				BB46FB56133F587A00DD98F2 /* Resources */,
			);
			path = AdSDK;
			sourceTree = "<group>";
		};
		BB46FB40133F587A00DD98F2 /* Classes */ = {
			isa = PBXGroup;
			children = (
				BB46FB41133F587A00DD98F2 /* CNSAdBannerView.h */,
				BB46FB42133F587A00DD98F2 /* CNSAdBannerView.m */,
				BB46FB43133F587A00DD98F2 /* CNSAdConstants.h */,
				BB46FB44133F587A00DD98F2 /* CNSAdConstants.m */,
				BB46FB45133F587A00DD98F2 /* CNSAdEngine.h */,
				BB46FB46133F587A00DD98F2 /* CNSAdEngine.m */,
				BB46FB47133F587A00DD98F2 /* CNSAdEngineConnectionHelper.h */,
				BB46FB48133F587A00DD98F2 /* CNSAdEngineConnectionHelper.m */,
				BB46FB49133F587A00DD98F2 /* CNSAdEngineParser.h */,
				BB46FB4A133F587A00DD98F2 /* CNSAdEngineParser.m */,
				BB46FB4B133F587A00DD98F2 /* CNSAdKit.h */,
				BB46FB4C133F587A00DD98F2 /* CNSAnimatedGIFLoader.h */,
				BB46FB4D133F587A00DD98F2 /* CNSAnimatedGIFLoader.m */,
				BB46FB4E133F587A00DD98F2 /* CNSInterstitialViewController.h */,
				BB46FB4F133F587A00DD98F2 /* CNSInterstitialViewController.m */,
				BB46FB50133F587A00DD98F2 /* CNSSplashViewController.h */,
				BB46FB51133F587A00DD98F2 /* CNSSplashViewController.m */,
				BB46FB52133F587A00DD98F2 /* CNSStringAdditions.h */,
				BB46FB53133F587A00DD98F2 /* CNSStringAdditions.m */,
				BB46FB54133F587A00DD98F2 /* CNSWebViewController.h */,
				BB46FB55133F587A00DD98F2 /* CNSWebViewController.m */,
			);
			path = Classes;
			sourceTree = "<group>";
		};
		BB46FB56133F587A00DD98F2 /* Resources */ = {
			isa = PBXGroup;
			children = (
				BB46FB57133F587A00DD98F2 /* CNSBackgroundAlert.png */,
				BB46FB58133F587A00DD98F2 /* CNSButtonAlert.png */,
				BB46FB59133F587A00DD98F2 /* CNSButtonClose.png */,
				BB46FB5A133F587A00DD98F2 /* CNSButtonSettings.png */,
				BB46FB5B133F587A00DD98F2 /* CNSButtonSettings@2x.png */,
				BB46FB5C133F587A00DD98F2 /* CNSInterstitialView.xib */,
				BB46FB5D133F587A00DD98F2 /* CNSSplashView.xib */,
			);
			path = Resources;
			sourceTree = "<group>";
		};
/* End PBXGroup section */

/* Begin PBXNativeTarget section */
		1D6058900D05DD3D006BFB54 /* ONA FM */ = {
			isa = PBXNativeTarget;
			buildConfigurationList = 1D6058960D05DD3E006BFB54 /* Build configuration list for PBXNativeTarget "ONA FM" */;
			buildPhases = (
				1D60588D0D05DD3D006BFB54 /* Resources */,
				1D60588E0D05DD3D006BFB54 /* Sources */,
				1D60588F0D05DD3D006BFB54 /* Frameworks */,
			);
			buildRules = (
			);
			dependencies = (
			);
			name = "ONA FM";
			productName = "ONA FM";
			productReference = 1D6058910D05DD3D006BFB54 /* ONA FM.app */;
			productType = "com.apple.product-type.application";
		};
/* End PBXNativeTarget section */

/* Begin PBXProject section */
		29B97313FDCFA39411CA2CEA /* Project object */ = {
			isa = PBXProject;
			attributes = {
				BuildIndependentTargetsInParallel = NO;
				ORGANIZATIONNAME = mCentric;
			};
			buildConfigurationList = C01FCF4E08A954540054247B /* Build configuration list for PBXProject "ONA FM" */;
			compatibilityVersion = "Xcode 3.2";
			developmentRegion = English;
			hasScannedForEncodings = 1;
			knownRegions = (
				English,
				Japanese,
				French,
				German,
				en,
				fr,
			);
			mainGroup = 29B97314FDCFA39411CA2CEA /* CustomTemplate */;
			projectDirPath = "";
			projectRoot = "";
			targets = (
				1D6058900D05DD3D006BFB54 /* ONA FM */,
			);
		};
/* End PBXProject section */

/* Begin PBXResourcesBuildPhase section */
		1D60588D0D05DD3D006BFB54 /* Resources */ = {
			isa = PBXResourcesBuildPhase;
			buildActionMask = 2147483647;
			files = (
				28AD733F0D9D9553002E5188 /* MainWindow.xib in Resources */,
				2899E5220DE3E06400AC0155 /* ONA_FMViewController.xib in Resources */,
				BBE0176B10A6139300D303CF /* pausebutton.png in Resources */,
				BBE0176C10A6139300D303CF /* playbutton.png in Resources */,
				BBEB8D9D10A7641F00F50A2F /* Default.png in Resources */,
				BBEB8D9E10A7641F00F50A2F /* Entitlements.plist in Resources */,
				BB527B9510B7EE04003EEBBC /* Entitlements.plist in Resources */,
				BB031C0510CAF9E900432227 /* ona_ico.png in Resources */,
				BB46FB68133F587A00DD98F2 /* CNSBackgroundAlert.png in Resources */,
				BB46FB69133F587A00DD98F2 /* CNSButtonAlert.png in Resources */,
				BB46FB6A133F587A00DD98F2 /* CNSButtonClose.png in Resources */,
				BB46FB6B133F587A00DD98F2 /* CNSButtonSettings.png in Resources */,
				BB46FB6C133F587A00DD98F2 /* CNSButtonSettings@2x.png in Resources */,
				BB46FB6D133F587A00DD98F2 /* CNSInterstitialView.xib in Resources */,
				BB46FB6E133F587A00DD98F2 /* CNSSplashView.xib in Resources */,
			);
			runOnlyForDeploymentPostprocessing = 0;
		};
/* End PBXResourcesBuildPhase section */

/* Begin PBXSourcesBuildPhase section */
		1D60588E0D05DD3D006BFB54 /* Sources */ = {
			isa = PBXSourcesBuildPhase;
			buildActionMask = 2147483647;
			files = (
				1D60589B0D05DD56006BFB54 /* main.m in Sources */,
				1D3623260D0F684500981E51 /* ONA_FMAppDelegate.m in Sources */,
				28D7ACF80DDB3853001CB0EB /* ONA_FMViewController.m in Sources */,
				BBEB232E10A21AAC00145E67 /* AudioStreamer.m in Sources */,
				BB46FB5E133F587A00DD98F2 /* CNSAdBannerView.m in Sources */,
				BB46FB5F133F587A00DD98F2 /* CNSAdConstants.m in Sources */,
				BB46FB60133F587A00DD98F2 /* CNSAdEngine.m in Sources */,
				BB46FB61133F587A00DD98F2 /* CNSAdEngineConnectionHelper.m in Sources */,
				BB46FB62133F587A00DD98F2 /* CNSAdEngineParser.m in Sources */,
				BB46FB63133F587A00DD98F2 /* CNSAnimatedGIFLoader.m in Sources */,
				BB46FB64133F587A00DD98F2 /* CNSInterstitialViewController.m in Sources */,
				BB46FB65133F587A00DD98F2 /* CNSSplashViewController.m in Sources */,
				BB46FB66133F587A00DD98F2 /* CNSStringAdditions.m in Sources */,
				BB46FB67133F587A00DD98F2 /* CNSWebViewController.m in Sources */,
			);
			runOnlyForDeploymentPostprocessing = 0;
		};
/* End PBXSourcesBuildPhase section */

/* Begin XCBuildConfiguration section */
		1D6058940D05DD3E006BFB54 /* Debug */ = {
			isa = XCBuildConfiguration;
			buildSettings = {
				ALWAYS_SEARCH_USER_PATHS = NO;
				CODE_SIGN_IDENTITY = "iPhone Developer";
				COPY_PHASE_STRIP = NO;
				GCC_DYNAMIC_NO_PIC = NO;
				GCC_OPTIMIZATION_LEVEL = 0;
				GCC_PRECOMPILE_PREFIX_HEADER = YES;
				GCC_PREFIX_HEADER = ONA_FM_Prefix.pch;
				GCC_VERSION = "";
				INFOPLIST_FILE = "ONA_FM-Info.plist";
				IPHONEOS_DEPLOYMENT_TARGET = 4.0;
				LIBRARY_SEARCH_PATHS = (
					"$(inherited)",
					"\"$(SRCROOT)\"",
				);
				ONLY_ACTIVE_ARCH = NO;
				PRODUCT_NAME = "ONA FM";
				PROVISIONING_PROFILE = "";
				TARGETED_DEVICE_FAMILY = 1;
			};
			name = Debug;
		};
		1D6058950D05DD3E006BFB54 /* Release */ = {
			isa = XCBuildConfiguration;
			buildSettings = {
				ALWAYS_SEARCH_USER_PATHS = NO;
				CODE_SIGN_IDENTITY = "iPhone Developer";
				COPY_PHASE_STRIP = YES;
				GCC_PRECOMPILE_PREFIX_HEADER = YES;
				GCC_PREFIX_HEADER = ONA_FM_Prefix.pch;
				GCC_VERSION = "";
				INFOPLIST_FILE = "ONA_FM-Info.plist";
				IPHONEOS_DEPLOYMENT_TARGET = 4.0;
				LIBRARY_SEARCH_PATHS = (
					"$(inherited)",
					"\"$(SRCROOT)\"",
				);
				ONLY_ACTIVE_ARCH = NO;
				PRODUCT_NAME = "ONA FM";
				PROVISIONING_PROFILE = "";
				TARGETED_DEVICE_FAMILY = 1;
			};
			name = Release;
		};
		BB054FCB112DC7080061E4FA /* Ad Hoc */ = {
			isa = XCBuildConfiguration;
			buildSettings = {
				ARCHS = "$(ARCHS_STANDARD_32_BIT)";
				CODE_SIGN_ENTITLEMENTS = "";
				CODE_SIGN_IDENTITY = "iPhone Developer";
				"CODE_SIGN_IDENTITY[sdk=iphoneos*]" = "iPhone Developer";
				GCC_C_LANGUAGE_STANDARD = c99;
				GCC_VERSION = com.apple.compilers.llvm.clang.1_0;
				GCC_WARN_ABOUT_RETURN_TYPE = YES;
				GCC_WARN_UNUSED_VARIABLE = YES;
				IPHONEOS_DEPLOYMENT_TARGET = 4.0;
				ONLY_ACTIVE_ARCH = YES;
				PREBINDING = NO;
				PROVISIONING_PROFILE = "";
				"PROVISIONING_PROFILE[sdk=iphoneos*]" = "";
				SDKROOT = iphoneos;
			};
			name = "Ad Hoc";
		};
		BB054FCC112DC7080061E4FA /* Ad Hoc */ = {
			isa = XCBuildConfiguration;
			buildSettings = {
				ALWAYS_SEARCH_USER_PATHS = NO;
				CODE_SIGN_IDENTITY = "iPhone Developer";
				COPY_PHASE_STRIP = NO;
				GCC_DYNAMIC_NO_PIC = NO;
				GCC_OPTIMIZATION_LEVEL = 0;
				GCC_PRECOMPILE_PREFIX_HEADER = YES;
				GCC_PREFIX_HEADER = ONA_FM_Prefix.pch;
				GCC_VERSION = "";
				INFOPLIST_FILE = "ONA_FM-Info.plist";
				IPHONEOS_DEPLOYMENT_TARGET = 4.0;
				LIBRARY_SEARCH_PATHS = (
					"$(inherited)",
					"\"$(SRCROOT)\"",
				);
				ONLY_ACTIVE_ARCH = NO;
				PRODUCT_NAME = "ONA FM";
				PROVISIONING_PROFILE = "";
				TARGETED_DEVICE_FAMILY = 1;
			};
			name = "Ad Hoc";
		};
		BB527B5B10B7EB74003EEBBC /* Distribution */ = {
			isa = XCBuildConfiguration;
			buildSettings = {
				ARCHS = "$(ARCHS_STANDARD_32_BIT)";
				CODE_SIGN_IDENTITY = "iPhone Developer";
				"CODE_SIGN_IDENTITY[sdk=iphoneos*]" = "iPhone Distribution";
				GCC_C_LANGUAGE_STANDARD = c99;
				GCC_VERSION = com.apple.compilers.llvm.clang.1_0;
				GCC_WARN_ABOUT_RETURN_TYPE = YES;
				GCC_WARN_UNUSED_VARIABLE = YES;
				IPHONEOS_DEPLOYMENT_TARGET = 4.0;
				ONLY_ACTIVE_ARCH = YES;
				PREBINDING = NO;
				PROVISIONING_PROFILE = "";
				"PROVISIONING_PROFILE[sdk=iphoneos*]" = "";
				SDKROOT = iphoneos;
			};
			name = Distribution;
		};
		BB527B5C10B7EB74003EEBBC /* Distribution */ = {
			isa = XCBuildConfiguration;
			buildSettings = {
				ALWAYS_SEARCH_USER_PATHS = NO;
				CODE_SIGN_ENTITLEMENTS = Entitlements.plist;
				CODE_SIGN_IDENTITY = "iPhone Distribution: Union Radio";
				COPY_PHASE_STRIP = YES;
				GCC_PRECOMPILE_PREFIX_HEADER = YES;
				GCC_PREFIX_HEADER = ONA_FM_Prefix.pch;
				GCC_VERSION = "";
				INFOPLIST_FILE = "ONA_FM-Info.plist";
				IPHONEOS_DEPLOYMENT_TARGET = 4.0;
				LIBRARY_SEARCH_PATHS = (
					"$(inherited)",
					"\"$(SRCROOT)\"",
				);
				ONLY_ACTIVE_ARCH = NO;
				PRODUCT_NAME = "ONA FM";
				PROVISIONING_PROFILE = "2639462A-04C1-4E61-A666-92DF46677DD8";
				TARGETED_DEVICE_FAMILY = 1;
			};
			name = Distribution;
		};
		C01FCF4F08A954540054247B /* Debug */ = {
			isa = XCBuildConfiguration;
			buildSettings = {
				ARCHS = "$(ARCHS_STANDARD_32_BIT)";
				CODE_SIGN_ENTITLEMENTS = "";
				CODE_SIGN_IDENTITY = "iPhone Developer";
				"CODE_SIGN_IDENTITY[sdk=iphoneos*]" = "iPhone Developer";
				GCC_C_LANGUAGE_STANDARD = c99;
				GCC_VERSION = com.apple.compilers.llvm.clang.1_0;
				GCC_WARN_ABOUT_RETURN_TYPE = YES;
				GCC_WARN_UNUSED_VARIABLE = YES;
				IPHONEOS_DEPLOYMENT_TARGET = 4.0;
				ONLY_ACTIVE_ARCH = YES;
				PREBINDING = NO;
				PROVISIONING_PROFILE = "";
				"PROVISIONING_PROFILE[sdk=iphoneos*]" = "";
				SDKROOT = iphoneos;
			};
			name = Debug;
		};
		C01FCF5008A954540054247B /* Release */ = {
			isa = XCBuildConfiguration;
			buildSettings = {
				ARCHS = "$(ARCHS_STANDARD_32_BIT)";
				CODE_SIGN_IDENTITY = "iPhone Distribution";
				"CODE_SIGN_IDENTITY[sdk=iphoneos*]" = "iPhone Distribution";
				GCC_C_LANGUAGE_STANDARD = c99;
				GCC_VERSION = com.apple.compilers.llvm.clang.1_0;
				GCC_WARN_ABOUT_RETURN_TYPE = YES;
				GCC_WARN_UNUSED_VARIABLE = YES;
				IPHONEOS_DEPLOYMENT_TARGET = 4.0;
				ONLY_ACTIVE_ARCH = YES;
				PREBINDING = NO;
				PROVISIONING_PROFILE = "";
				"PROVISIONING_PROFILE[sdk=iphoneos*]" = "";
				SDKROOT = iphoneos;
			};
			name = Release;
		};
/* End XCBuildConfiguration section */

/* Begin XCConfigurationList section */
		1D6058960D05DD3E006BFB54 /* Build configuration list for PBXNativeTarget "ONA FM" */ = {
			isa = XCConfigurationList;
			buildConfigurations = (
				1D6058940D05DD3E006BFB54 /* Debug */,
				BB054FCC112DC7080061E4FA /* Ad Hoc */,
				1D6058950D05DD3E006BFB54 /* Release */,
				BB527B5C10B7EB74003EEBBC /* Distribution */,
			);
			defaultConfigurationIsVisible = 0;
			defaultConfigurationName = Release;
		};
		C01FCF4E08A954540054247B /* Build configuration list for PBXProject "ONA FM" */ = {
			isa = XCConfigurationList;
			buildConfigurations = (
				C01FCF4F08A954540054247B /* Debug */,
				BB054FCB112DC7080061E4FA /* Ad Hoc */,
				C01FCF5008A954540054247B /* Release */,
				BB527B5B10B7EB74003EEBBC /* Distribution */,
			);
			defaultConfigurationIsVisible = 0;
			defaultConfigurationName = Release;
		};
/* End XCConfigurationList section */
	};
	rootObject = 29B97313FDCFA39411CA2CEA /* Project object */;
}
